
Microsoft Visual Studio Solution File, Format Version 12.00
# Visual Studio Version 17
VisualStudioVersion = 17.11.35327.3
MinimumVisualStudioVersion = 10.0.40219.1
Project("{FAE04EC0-301F-11D3-BF4B-00C04F79EFBC}") = "ProjektZespolowy", "ProjektZespolowy.csproj", "{E034EE28-BE3B-4455-BEA9-2322B319BBA9}"
EndProject
Global
	GlobalSection(SolutionConfigurationPlatforms) = preSolution
		Debug|Any CPU = Debug|Any CPU
		Release|Any CPU = Release|Any CPU
	EndGlobalSection
	GlobalSection(ProjectConfigurationPlatforms) = postSolution
		{E034EE28-BE3B-4455-BEA9-2322B319BBA9}.Debug|Any CPU.ActiveCfg = Debug|Any CPU
		{E034EE28-BE3B-4455-BEA9-2322B319BBA9}.Debug|Any CPU.Build.0 = Debug|Any CPU
		{E034EE28-BE3B-4455-BEA9-2322B319BBA9}.Release|Any CPU.ActiveCfg = Release|Any CPU
		{E034EE28-BE3B-4455-BEA9-2322B319BBA9}.Release|Any CPU.Build.0 = Release|Any CPU
	EndGlobalSection
	GlobalSection(SolutionProperties) = preSolution
		HideSolutionNode = FALSE
	EndGlobalSection
	GlobalSection(ExtensibilityGlobals) = postSolution
		SolutionGuid = {8CDF105C-A450-424B-BC20-8730483A5614}
	EndGlobalSection
EndGlobal
