
Microsoft Visual Studio Solution File, Format Version 12.00
# Visual Studio Version 17
VisualStudioVersion = 17.9.34728.123
MinimumVisualStudioVersion = 10.0.40219.1
Project("{FAE04EC0-301F-11D3-BF4B-00C04F79EFBC}") = "ProjektZespolowy", "ProjektZespolowy.csproj", "{175FEFC9-5B7C-41D5-8851-6F5F9F249ADB}"
EndProject
Global
	GlobalSection(SolutionConfigurationPlatforms) = preSolution
		Debug|Any CPU = Debug|Any CPU
		Release|Any CPU = Release|Any CPU
	EndGlobalSection
	GlobalSection(ProjectConfigurationPlatforms) = postSolution
		{175FEFC9-5B7C-41D5-8851-6F5F9F249ADB}.Debug|Any CPU.ActiveCfg = Debug|Any CPU
		{175FEFC9-5B7C-41D5-8851-6F5F9F249ADB}.Debug|Any CPU.Build.0 = Debug|Any CPU
		{175FEFC9-5B7C-41D5-8851-6F5F9F249ADB}.Release|Any CPU.ActiveCfg = Release|Any CPU
		{175FEFC9-5B7C-41D5-8851-6F5F9F249ADB}.Release|Any CPU.Build.0 = Release|Any CPU
	EndGlobalSection
	GlobalSection(SolutionProperties) = preSolution
		HideSolutionNode = FALSE
	EndGlobalSection
	GlobalSection(ExtensibilityGlobals) = postSolution
		SolutionGuid = {927C80F4-15DD-4C89-811E-91035E15E18F}
	EndGlobalSection
EndGlobal
